
Microsoft Visual Studio Solution File, Format Version 12.00
# Visual Studio Version 16
VisualStudioVersion = 16.0.35731.53
MinimumVisualStudioVersion = 10.0.40219.1
Project("{FAE04EC0-301F-11D3-BF4B-00C04F79EFBC}") = "payga", "payga\payga.csproj", "{775BB452-11C3-46FE-9B42-77D342F27E2D}"
EndProject
Global
	GlobalSection(SolutionConfigurationPlatforms) = preSolution
		Debug|Any CPU = Debug|Any CPU
		Release|Any CPU = Release|Any CPU
	EndGlobalSection
	GlobalSection(ProjectConfigurationPlatforms) = postSolution
		{775BB452-11C3-46FE-9B42-77D342F27E2D}.Debug|Any CPU.ActiveCfg = Debug|Any CPU
		{775BB452-11C3-46FE-9B42-77D342F27E2D}.Debug|Any CPU.Build.0 = Debug|Any CPU
		{775BB452-11C3-46FE-9B42-77D342F27E2D}.Release|Any CPU.ActiveCfg = Release|Any CPU
		{775BB452-11C3-46FE-9B42-77D342F27E2D}.Release|Any CPU.Build.0 = Release|Any CPU
	EndGlobalSection
	GlobalSection(SolutionProperties) = preSolution
		HideSolutionNode = FALSE
	EndGlobalSection
	GlobalSection(ExtensibilityGlobals) = postSolution
		SolutionGuid = {FDCC0983-E454-4F19-94BF-83ECD83E4BCD}
	EndGlobalSection
EndGlobal
